
Microsoft Visual Studio Solution File, Format Version 12.00
# Visual Studio Version 17
VisualStudioVersion = 17.4.33213.308
MinimumVisualStudioVersion = 10.0.40219.1
Project("{FAE04EC0-301F-11D3-BF4B-00C04F79EFBC}") = "04- Turn Based Combat Game", "04- Turn Based Combat Game\04- Turn Based Combat Game.csproj", "{964AE894-A16D-49BB-ADAC-2EB663238830}"
EndProject
Global
	GlobalSection(SolutionConfigurationPlatforms) = preSolution
		Debug|Any CPU = Debug|Any CPU
		Release|Any CPU = Release|Any CPU
	EndGlobalSection
	GlobalSection(ProjectConfigurationPlatforms) = postSolution
		{964AE894-A16D-49BB-ADAC-2EB663238830}.Debug|Any CPU.ActiveCfg = Debug|Any CPU
		{964AE894-A16D-49BB-ADAC-2EB663238830}.Debug|Any CPU.Build.0 = Debug|Any CPU
		{964AE894-A16D-49BB-ADAC-2EB663238830}.Release|Any CPU.ActiveCfg = Release|Any CPU
		{964AE894-A16D-49BB-ADAC-2EB663238830}.Release|Any CPU.Build.0 = Release|Any CPU
	EndGlobalSection
	GlobalSection(SolutionProperties) = preSolution
		HideSolutionNode = FALSE
	EndGlobalSection
	GlobalSection(ExtensibilityGlobals) = postSolution
		SolutionGuid = {5572080D-9DBF-4D0F-BD8B-9BD9D38B3C04}
	EndGlobalSection
EndGlobal
