
Microsoft Visual Studio Solution File, Format Version 12.00
# Visual Studio Version 17
VisualStudioVersion = 17.4.33213.308
MinimumVisualStudioVersion = 10.0.40219.1
Project("{FAE04EC0-301F-11D3-BF4B-00C04F79EFBC}") = "02- Number Guessing Game", "02- Number Guessing Game\02- Number Guessing Game.csproj", "{5666EA35-2768-42E2-86BC-8FE0B0830A8D}"
EndProject
Global
	GlobalSection(SolutionConfigurationPlatforms) = preSolution
		Debug|Any CPU = Debug|Any CPU
		Release|Any CPU = Release|Any CPU
	EndGlobalSection
	GlobalSection(ProjectConfigurationPlatforms) = postSolution
		{5666EA35-2768-42E2-86BC-8FE0B0830A8D}.Debug|Any CPU.ActiveCfg = Debug|Any CPU
		{5666EA35-2768-42E2-86BC-8FE0B0830A8D}.Debug|Any CPU.Build.0 = Debug|Any CPU
		{5666EA35-2768-42E2-86BC-8FE0B0830A8D}.Release|Any CPU.ActiveCfg = Release|Any CPU
		{5666EA35-2768-42E2-86BC-8FE0B0830A8D}.Release|Any CPU.Build.0 = Release|Any CPU
	EndGlobalSection
	GlobalSection(SolutionProperties) = preSolution
		HideSolutionNode = FALSE
	EndGlobalSection
	GlobalSection(ExtensibilityGlobals) = postSolution
		SolutionGuid = {A304FC2E-9DE4-4526-8F06-A52B0CE0263F}
	EndGlobalSection
EndGlobal
